<?xml version="1.0" encoding="utf-8"?>
<Project ToolsVersion="4.0" xmlns="http://schemas.microsoft.com/developer/msbuild/2003">
  <ItemGroup>
    <Filter Include="Quelldateien">
      <UniqueIdentifier>{4FC737F1-C7A5-4376-A066-2A32D752A2FF}</UniqueIdentifier>
      <Extensions>cpp;c;cc;cxx;def;odl;idl;hpj;bat;asm;asmx</Extensions>
    </Filter>
    <Filter Include="Headerdateien">
      <UniqueIdentifier>{93995380-89BD-4b04-88EB-625FBE52EBFB}</UniqueIdentifier>
      <Extensions>h;hh;hpp;hxx;hm;inl;inc;ipp;xsd</Extensions>
    </Filter>
    <Filter Include="Ressourcendateien">
      <UniqueIdentifier>{67DA6AB6-F800-4c08-8B7A-83BB121AAD01}</UniqueIdentifier>
      <Extensions>rc;ico;cur;bmp;dlg;rc2;rct;bin;rgs;gif;jpg;jpeg;jpe;resx;tiff;tif;png;wav;mfcribbon-ms</Extensions>
    </Filter>
  </ItemGroup>
  <ItemGroup>
    <ClInclude Include="stdafx.h">
      <Filter>Headerdateien</Filter>
    </ClInclude>
    <ClInclude Include="targetver.h">
      <Filter>Headerdateien</Filter>
    </ClInclude>
    <ClInclude Include="blagominer.h">
      <Filter>Headerdateien</Filter>
    </ClInclude>
    <ClInclude Include="resource.h">
      <Filter>Headerdateien</Filter>
    </ClInclude>
    <ClInclude Include="bfs.h">
      <Filter>Headerdateien</Filter>
    </ClInclude>
    <ClInclude Include="network.h">
      <Filter>Headerdateien</Filter>
    </ClInclude>
    <ClInclude Include="shabal.h">
      <Filter>Headerdateien</Filter>
    </ClInclude>
    <ClInclude Include="logger.h">
      <Filter>Headerdateien</Filter>
    </ClInclude>
    <ClInclude Include="error.h">
      <Filter>Headerdateien</Filter>
    </ClInclude>
    <ClInclude Include="accounts.h">
      <Filter>Headerdateien</Filter>
    </ClInclude>
    <ClInclude Include="inout.h">
      <Filter>Headerdateien</Filter>
    </ClInclude>
    <ClInclude Include="worker.h">
      <Filter>Headerdateien</Filter>
    </ClInclude>
    <ClInclude Include="mshabal.h">
      <Filter>Headerdateien</Filter>
    </ClInclude>
    <ClInclude Include="InstructionSet.h">
      <Filter>Headerdateien</Filter>
    </ClInclude>
    <ClInclude Include="picohttpparser.h">
      <Filter>Headerdateien</Filter>
    </ClInclude>
    <ClInclude Include="sph_shabal.h">
      <Filter>Headerdateien</Filter>
    </ClInclude>
    <ClInclude Include="sph_types.h">
      <Filter>Headerdateien</Filter>
    </ClInclude>
  </ItemGroup>
  <ItemGroup>
    <ClCompile Include="stdafx.cpp">
      <Filter>Quelldateien</Filter>
    </ClCompile>
    <ClCompile Include="blagominer.cpp">
      <Filter>Quelldateien</Filter>
    </ClCompile>
    <ClCompile Include="sph_shabal.c">
      <Filter>Quelldateien</Filter>
    </ClCompile>
    <ClCompile Include="mshabal_avx1.c">
      <Filter>Quelldateien</Filter>
    </ClCompile>
    <ClCompile Include="mshabal_sse4.c">
      <Filter>Quelldateien</Filter>
    </ClCompile>
    <ClCompile Include="picohttpparser.c">
      <Filter>Quelldateien</Filter>
    </ClCompile>
    <ClCompile Include="bfs.cpp">
      <Filter>Quelldateien</Filter>
    </ClCompile>
    <ClCompile Include="network.cpp">
      <Filter>Quelldateien</Filter>
    </ClCompile>
    <ClCompile Include="logger.cpp">
      <Filter>Quelldateien</Filter>
    </ClCompile>
    <ClCompile Include="shabal.cpp">
      <Filter>Quelldateien</Filter>
    </ClCompile>
    <ClCompile Include="error.cpp">
      <Filter>Quelldateien</Filter>
    </ClCompile>
    <ClCompile Include="accounts.cpp">
      <Filter>Quelldateien</Filter>
    </ClCompile>
    <ClCompile Include="inout.cpp">
      <Filter>Quelldateien</Filter>
    </ClCompile>
    <ClCompile Include="worker.cpp">
      <Filter>Quelldateien</Filter>
    </ClCompile>
    <ClCompile Include="mshabal_avx2.c">
      <Filter>Quelldateien</Filter>
    </ClCompile>
  </ItemGroup>
  <ItemGroup>
    <ResourceCompile Include="blagominer.rc">
      <Filter>Ressourcendateien</Filter>
    </ResourceCompile>
  </ItemGroup>
  <ItemGroup>
    <Image Include="sun.ico">
      <Filter>Ressourcendateien</Filter>
    </Image>
  </ItemGroup>
</Project>